
Microsoft Visual Studio Solution File, Format Version 12.00
# Visual Studio Version 17
VisualStudioVersion = 17.4.33122.133
MinimumVisualStudioVersion = 10.0.40219.1
Project("{FAE04EC0-301F-11D3-BF4B-00C04F79EFBC}") = "Array-OOP-Class", "Array-OOP-Class\Array-OOP-Class.csproj", "{14A1FBCB-B1D8-44E1-AC22-2979C9B0921B}"
EndProject
Global
	GlobalSection(SolutionConfigurationPlatforms) = preSolution
		Debug|Any CPU = Debug|Any CPU
		Release|Any CPU = Release|Any CPU
	EndGlobalSection
	GlobalSection(ProjectConfigurationPlatforms) = postSolution
		{14A1FBCB-B1D8-44E1-AC22-2979C9B0921B}.Debug|Any CPU.ActiveCfg = Debug|Any CPU
		{14A1FBCB-B1D8-44E1-AC22-2979C9B0921B}.Debug|Any CPU.Build.0 = Debug|Any CPU
		{14A1FBCB-B1D8-44E1-AC22-2979C9B0921B}.Release|Any CPU.ActiveCfg = Release|Any CPU
		{14A1FBCB-B1D8-44E1-AC22-2979C9B0921B}.Release|Any CPU.Build.0 = Release|Any CPU
	EndGlobalSection
	GlobalSection(SolutionProperties) = preSolution
		HideSolutionNode = FALSE
	EndGlobalSection
	GlobalSection(ExtensibilityGlobals) = postSolution
		SolutionGuid = {465E35D9-CB40-41DF-B3E9-ACBFB0CFB492}
	EndGlobalSection
EndGlobal
